
Microsoft Visual Studio Solution File, Format Version 12.00
# Visual Studio 2012
Project("{8BC9CEB8-8B4A-11D0-8D11-00A0C91BC942}") = "rarcproxy_pro", "rarcproxy_pro\rarcproxy_pro.vcxproj", "{4D291BC3-66DB-4413-AC61-B694F6727866}"
EndProject
Project("{8BC9CEB8-8B4A-11D0-8D11-00A0C91BC942}") = "package", "package\package.vcxproj", "{4D291BC3-66DB-4413-AC61-B694F6727867}"
	ProjectSection(ProjectDependencies) = postProject
		{0797FA54-FCA0-42EE-92DC-A874EDBCCF69} = {0797FA54-FCA0-42EE-92DC-A874EDBCCF69}
		{4D291BC3-66DB-4413-AC61-B694F6727866} = {4D291BC3-66DB-4413-AC61-B694F6727866}
	EndProjectSection
EndProject
Project("{8BC9CEB8-8B4A-11D0-8D11-00A0C91BC942}") = "rarcproxy", "rarcproxy\rarcproxy.vcxproj", "{0797FA54-FCA0-42EE-92DC-A874EDBCCF69}"
EndProject
Global
	GlobalSection(SolutionConfigurationPlatforms) = preSolution
		Release|Win32 = Release|Win32
		Release|x64 = Release|x64
	EndGlobalSection
	GlobalSection(ProjectConfigurationPlatforms) = postSolution
		{4D291BC3-66DB-4413-AC61-B694F6727866}.Release|Win32.ActiveCfg = Release|Win32
		{4D291BC3-66DB-4413-AC61-B694F6727866}.Release|x64.ActiveCfg = Release|x64
		{4D291BC3-66DB-4413-AC61-B694F6727866}.Release|x64.Build.0 = Release|x64
		{4D291BC3-66DB-4413-AC61-B694F6727867}.Release|Win32.ActiveCfg = Release|x64
		{4D291BC3-66DB-4413-AC61-B694F6727867}.Release|x64.ActiveCfg = Release|x64
		{4D291BC3-66DB-4413-AC61-B694F6727867}.Release|x64.Build.0 = Release|x64
		{0797FA54-FCA0-42EE-92DC-A874EDBCCF69}.Release|Win32.ActiveCfg = Release|Win32
		{0797FA54-FCA0-42EE-92DC-A874EDBCCF69}.Release|Win32.Build.0 = Release|Win32
		{0797FA54-FCA0-42EE-92DC-A874EDBCCF69}.Release|x64.ActiveCfg = Release|x64
		{0797FA54-FCA0-42EE-92DC-A874EDBCCF69}.Release|x64.Build.0 = Release|x64
	EndGlobalSection
	GlobalSection(SolutionProperties) = preSolution
		HideSolutionNode = FALSE
	EndGlobalSection
EndGlobal
