
Microsoft Visual Studio Solution File, Format Version 12.00
# Visual Studio 14
VisualStudioVersion = 14.0.25420.1
MinimumVisualStudioVersion = 10.0.40219.1
Project("{8BC9CEB8-8B4A-11D0-8D11-00A0C91BC942}") = "rarcproxy", "proxy\rarcproxy.vcxproj", "{4D291BC3-66DB-4413-AC61-B694F6727866}"
EndProject
Project("{8BC9CEB8-8B4A-11D0-8D11-00A0C91BC942}") = "arcgisbinding (R package)", "package\package.vcxproj", "{4D291BC3-66DB-4413-AC61-B694F6727867}"
EndProject
Project("{2150E333-8FDC-42A3-9474-1A3956D46DE8}") = "Solution Items", "Solution Items", "{2C8A0842-5103-4AF1-BCEC-293579F8D423}"
	ProjectSection(SolutionItems) = preProject
		ArcGIS-Desktop.props = ArcGIS-Desktop.props
		ArcGIS-Pro.props = ArcGIS-Pro.props
		build.bat = build.bat
		buildnum.h = buildnum.h
		..\README.md = ..\README.md
	EndProjectSection
EndProject
Global
	GlobalSection(SolutionConfigurationPlatforms) = preSolution
		Release-Desktop|Win32 = Release-Desktop|Win32
		Release-Desktop|x64 = Release-Desktop|x64
		Release-Pro|Win32 = Release-Pro|Win32
		Release-Pro|x64 = Release-Pro|x64
	EndGlobalSection
	GlobalSection(ProjectConfigurationPlatforms) = postSolution
		{4D291BC3-66DB-4413-AC61-B694F6727866}.Release-Desktop|Win32.ActiveCfg = Release-Desktop|Win32
		{4D291BC3-66DB-4413-AC61-B694F6727866}.Release-Desktop|Win32.Build.0 = Release-Desktop|Win32
		{4D291BC3-66DB-4413-AC61-B694F6727866}.Release-Desktop|x64.ActiveCfg = Release-Desktop|x64
		{4D291BC3-66DB-4413-AC61-B694F6727866}.Release-Desktop|x64.Build.0 = Release-Desktop|x64
		{4D291BC3-66DB-4413-AC61-B694F6727866}.Release-Pro|Win32.ActiveCfg = Release-Pro|x64
		{4D291BC3-66DB-4413-AC61-B694F6727866}.Release-Pro|x64.ActiveCfg = Release-Pro|x64
		{4D291BC3-66DB-4413-AC61-B694F6727866}.Release-Pro|x64.Build.0 = Release-Pro|x64
		{4D291BC3-66DB-4413-AC61-B694F6727867}.Release-Desktop|Win32.ActiveCfg = Release|x64
		{4D291BC3-66DB-4413-AC61-B694F6727867}.Release-Desktop|x64.ActiveCfg = Release|x64
		{4D291BC3-66DB-4413-AC61-B694F6727867}.Release-Pro|Win32.ActiveCfg = Release|x64
		{4D291BC3-66DB-4413-AC61-B694F6727867}.Release-Pro|x64.ActiveCfg = Release|x64
	EndGlobalSection
	GlobalSection(SolutionProperties) = preSolution
		HideSolutionNode = FALSE
	EndGlobalSection
EndGlobal
