<?xml version="1.0" encoding="utf-8"?>
<Project ToolsVersion="4.0" xmlns="http://schemas.microsoft.com/developer/msbuild/2003">
  <ItemGroup>
    <Filter Include="R">
      <UniqueIdentifier>{7826f441-daee-45dc-9080-78a35b44629d}</UniqueIdentifier>
      <Extensions>R</Extensions>
    </Filter>
    <Filter Include="man">
      <UniqueIdentifier>{016bb61d-1e66-4286-be7e-55739afc7a08}</UniqueIdentifier>
      <Extensions>Rd</Extensions>
    </Filter>
    <Filter Include="src">
      <UniqueIdentifier>{6f7bd900-04df-4e0e-b7a4-7d8b7330c36e}</UniqueIdentifier>
      <Extensions>win</Extensions>
    </Filter>
    <Filter Include="tests">
      <UniqueIdentifier>{6826f441-daee-45dc-9080-78a35b44629e}</UniqueIdentifier>
    </Filter>
  </ItemGroup>
  <ItemGroup>
    <None Include="$(MSBuildProjectDirectory)..\..\..\R\*.R">
      <Filter>R</Filter>
    </None>
    <None Include="$(MSBuildProjectDirectory)..\..\..\man\*.Rd">
      <Filter>man</Filter>
    </None>
    <None Include="$(MSBuildProjectDirectory)..\..\..\src\install.libs.R">
      <Filter>src</Filter>
    </None>
    <None Include="$(MSBuildProjectDirectory)..\..\..\tests\*.R">
      <Filter>tests</Filter>
    </None>
  </ItemGroup>
</Project>