<?xml version="1.0" encoding="utf-8"?>
<Project ToolsVersion="4.0" xmlns="http://schemas.microsoft.com/developer/msbuild/2003">
  <ItemGroup>
    <Filter Include="Source Files">
      <UniqueIdentifier>{4FC737F1-C7A5-4376-A066-2A32D752A2FF}</UniqueIdentifier>
      <Extensions>cpp;c;cc;cxx;def;odl;idl;hpj;bat;asm;asmx</Extensions>
    </Filter>
    <Filter Include="Source Files\arc-binding">
      <UniqueIdentifier>{46a63bfd-f47b-4d0f-a072-905881b614b7}</UniqueIdentifier>
    </Filter>
    <Filter Include="Header Files">
      <UniqueIdentifier>{93995380-89BD-4b04-88EB-625FBE52EBFB}</UniqueIdentifier>
      <Extensions>h;hpp;hxx;hm;inl;inc;xsd</Extensions>
    </Filter>
    <Filter Include="Resource Files">
      <UniqueIdentifier>{67DA6AB6-F800-4c08-8B7A-83BB121AAD01}</UniqueIdentifier>
      <Extensions>rc;ico;cur;bmp;dlg;rc2;rct;bin;rgs;gif;jpg;jpeg;jpe;resx;tiff;tif;png;wav</Extensions>
    </Filter>
    <Filter Include="Source Files\GNU-GPL">
      <UniqueIdentifier>{5904000c-ff4d-4bfc-8704-b2001d821883}</UniqueIdentifier>
    </Filter>
    <Filter Include="Source Files\arc-binding\dataset">
      <UniqueIdentifier>{75960b6a-72a2-46d8-a3d1-257850a53328}</UniqueIdentifier>
    </Filter>
    <Filter Include="Source Files\arc-binding\raster">
      <UniqueIdentifier>{f475efb9-2e14-4c36-836e-7d14277d0c44}</UniqueIdentifier>
    </Filter>
  </ItemGroup>
  <ItemGroup>
    <ClCompile Include="dllmain.cpp">
      <Filter>Source Files</Filter>
    </ClCompile>
    <ClCompile Include="rarcproxy.cpp">
      <Filter>Source Files</Filter>
    </ClCompile>
    <ClCompile Include="stdafx.cpp">
      <Filter>Source Files</Filter>
    </ClCompile>
    <ClCompile Include="exporter.cpp">
      <Filter>Source Files\arc-binding</Filter>
    </ClCompile>
    <ClCompile Include="gp_exec.cpp">
      <Filter>Source Files\arc-binding</Filter>
    </ClCompile>
    <ClCompile Include="misc.cpp">
      <Filter>Source Files\arc-binding</Filter>
    </ClCompile>
    <ClCompile Include="r_api.cpp">
      <Filter>Source Files\arc-binding</Filter>
    </ClCompile>
    <ClCompile Include="init_interpreter.cpp">
      <Filter>Source Files\GNU-GPL</Filter>
    </ClCompile>
    <ClCompile Include="r_dataset.cpp">
      <Filter>Source Files\arc-binding\dataset</Filter>
    </ClCompile>
    <ClCompile Include="r_container.cpp">
      <Filter>Source Files\arc-binding\dataset</Filter>
    </ClCompile>
    <ClCompile Include="r_feature_class.cpp">
      <Filter>Source Files\arc-binding\dataset</Filter>
    </ClCompile>
    <ClCompile Include="r_table.cpp">
      <Filter>Source Files\arc-binding\dataset</Filter>
    </ClCompile>
    <ClCompile Include="r_raster_dataset.cpp">
      <Filter>Source Files\arc-binding\dataset</Filter>
    </ClCompile>
    <ClCompile Include="r_raster.cpp">
      <Filter>Source Files\arc-binding\raster</Filter>
    </ClCompile>
  </ItemGroup>
  <ItemGroup>
    <ClInclude Include="rarcproxy_exports.h">
      <Filter>Source Files</Filter>
    </ClInclude>
    <ClInclude Include="exporter.h">
      <Filter>Source Files\arc-binding</Filter>
    </ClInclude>
    <ClInclude Include="Rtl.h">
      <Filter>Source Files\arc-binding</Filter>
    </ClInclude>
    <ClInclude Include="tools.h">
      <Filter>Source Files\arc-binding</Filter>
    </ClInclude>
    <ClInclude Include="rconnect_interface.h">
      <Filter>Header Files</Filter>
    </ClInclude>
    <ClInclude Include="stdafx.h">
      <Filter>Header Files</Filter>
    </ClInclude>
    <ClInclude Include="targetver.h">
      <Filter>Header Files</Filter>
    </ClInclude>
    <ClInclude Include="tchannel.h">
      <Filter>Source Files\arc-binding</Filter>
    </ClInclude>
    <ClInclude Include="misc.h">
      <Filter>Source Files\arc-binding</Filter>
    </ClInclude>
    <ClInclude Include="..\buildnum.h">
      <Filter>Header Files</Filter>
    </ClInclude>
    <ClInclude Include="resource.h">
      <Filter>Resource Files</Filter>
    </ClInclude>
    <ClInclude Include="r_dataset.h">
      <Filter>Source Files\arc-binding\dataset</Filter>
    </ClInclude>
    <ClInclude Include="r_container.h">
      <Filter>Source Files\arc-binding\dataset</Filter>
    </ClInclude>
    <ClInclude Include="r_feature_class.h">
      <Filter>Source Files\arc-binding\dataset</Filter>
    </ClInclude>
    <ClInclude Include="r_table.h">
      <Filter>Source Files\arc-binding\dataset</Filter>
    </ClInclude>
    <ClInclude Include="r_raster_dataset.h">
      <Filter>Source Files\arc-binding\dataset</Filter>
    </ClInclude>
    <ClInclude Include="r_raster.h">
      <Filter>Source Files\arc-binding\raster</Filter>
    </ClInclude>
  </ItemGroup>
  <ItemGroup>
    <ResourceCompile Include="Resource.rc">
      <Filter>Resource Files</Filter>
    </ResourceCompile>
  </ItemGroup>
  <ItemGroup>
    <Text Include="readme.txt" />
  </ItemGroup>
</Project>